
Microsoft Visual Studio Solution File, Format Version 12.00
# Visual Studio Version 16
VisualStudioVersion = 16.0.31112.23
MinimumVisualStudioVersion = 10.0.40219.1
Project("{2150E333-8FDC-42A3-9474-1A3956D46DE8}") = "00 Database", "00 Database", "{109E47E9-FCE1-4DF7-BF8C-1ECF26809831}"
EndProject
Project("{00D1A9C2-B5F0-4AF3-8072-F6C62B433612}") = "HairDressersProject", "HairDressersProject\HairDressersProject.sqlproj", "{B274C516-4083-4F33-8530-757620B0F9BB}"
EndProject
Project("{2150E333-8FDC-42A3-9474-1A3956D46DE8}") = "03 AFROHairdressingServices.API", "03 AFROHairdressingServices.API", "{33FEA76B-6B11-4E8A-B771-987B6B209139}"
EndProject
Project("{2150E333-8FDC-42A3-9474-1A3956D46DE8}") = "02 Models API", "02 Models API", "{97F0B41C-FDB3-4821-B66A-B6E80A259B3B}"
EndProject
Project("{2150E333-8FDC-42A3-9474-1A3956D46DE8}") = "Client", "Client", "{62B5651C-0B2A-4305-A484-B52766B7D49C}"
EndProject
Project("{2150E333-8FDC-42A3-9474-1A3956D46DE8}") = "Global", "Global", "{4CD24C50-66FA-4E7E-AF8C-3D5A60AA047A}"
EndProject
Project("{9A19103F-16F7-4668-BE54-9A1E7A4F7556}") = "HairdressingServices.Api.Models.Global", "HairdressingServices.Api.Models.Global\HairdressingServices.Api.Models.Global.csproj", "{705AA6F1-5E01-4B79-922B-BC96B2BEDBB1}"
EndProject
Project("{2150E333-8FDC-42A3-9474-1A3956D46DE8}") = "01 Tools", "01 Tools", "{09E0491A-B2BF-4C6D-A849-EC5906A4CE31}"
EndProject
Project("{9A19103F-16F7-4668-BE54-9A1E7A4F7556}") = "HairdressingServices.Tools", "HairdressingServices.Tools\HairdressingServices.Tools.csproj", "{A1DE52E2-C2DF-47F3-8C3C-E8FA043C27C0}"
EndProject
Project("{9A19103F-16F7-4668-BE54-9A1E7A4F7556}") = "HairDressingServices.Api.Models.Client", "HairDressingServices.Api.Models.Client\HairDressingServices.Api.Models.Client.csproj", "{D0140D4C-60B0-45D8-BE0C-BF66CA4DF76D}"
EndProject
Project("{9A19103F-16F7-4668-BE54-9A1E7A4F7556}") = "AFROHairdressingServices.Security.API", "AFROHairdressingServices.Security.API\AFROHairdressingServices.Security.API.csproj", "{F5E535A2-D565-4087-8DD7-1D9B000CDFD0}"
EndProject
Project("{2150E333-8FDC-42A3-9474-1A3956D46DE8}") = "AFROHairdressingServices.MVC", "AFROHairdressingServices.MVC", "{62B8296D-53B4-43A6-B33E-AD8C1C180ACE}"
EndProject
Project("{2150E333-8FDC-42A3-9474-1A3956D46DE8}") = "01 Models", "01 Models", "{BCE324D6-6E2E-4739-8D01-9B75A8D31124}"
EndProject
Project("{2150E333-8FDC-42A3-9474-1A3956D46DE8}") = "Global", "Global", "{125779B8-361E-47EA-B581-CAAD48E98FCE}"
EndProject
Project("{FAE04EC0-301F-11D3-BF4B-00C04F79EFBC}") = "HairdressingServices.MVC.Global", "HairdressingServices.MVC.Global\HairdressingServices.MVC.Global.csproj", "{FF44B24E-F1A0-4299-A64F-42895B9B8C8F}"
EndProject
Global
	GlobalSection(SolutionConfigurationPlatforms) = preSolution
		Debug|Any CPU = Debug|Any CPU
		Release|Any CPU = Release|Any CPU
	EndGlobalSection
	GlobalSection(ProjectConfigurationPlatforms) = postSolution
		{B274C516-4083-4F33-8530-757620B0F9BB}.Debug|Any CPU.ActiveCfg = Debug|Any CPU
		{B274C516-4083-4F33-8530-757620B0F9BB}.Debug|Any CPU.Build.0 = Debug|Any CPU
		{B274C516-4083-4F33-8530-757620B0F9BB}.Debug|Any CPU.Deploy.0 = Debug|Any CPU
		{B274C516-4083-4F33-8530-757620B0F9BB}.Release|Any CPU.ActiveCfg = Release|Any CPU
		{B274C516-4083-4F33-8530-757620B0F9BB}.Release|Any CPU.Build.0 = Release|Any CPU
		{B274C516-4083-4F33-8530-757620B0F9BB}.Release|Any CPU.Deploy.0 = Release|Any CPU
		{705AA6F1-5E01-4B79-922B-BC96B2BEDBB1}.Debug|Any CPU.ActiveCfg = Debug|Any CPU
		{705AA6F1-5E01-4B79-922B-BC96B2BEDBB1}.Debug|Any CPU.Build.0 = Debug|Any CPU
		{705AA6F1-5E01-4B79-922B-BC96B2BEDBB1}.Release|Any CPU.ActiveCfg = Release|Any CPU
		{705AA6F1-5E01-4B79-922B-BC96B2BEDBB1}.Release|Any CPU.Build.0 = Release|Any CPU
		{A1DE52E2-C2DF-47F3-8C3C-E8FA043C27C0}.Debug|Any CPU.ActiveCfg = Debug|Any CPU
		{A1DE52E2-C2DF-47F3-8C3C-E8FA043C27C0}.Debug|Any CPU.Build.0 = Debug|Any CPU
		{A1DE52E2-C2DF-47F3-8C3C-E8FA043C27C0}.Release|Any CPU.ActiveCfg = Release|Any CPU
		{A1DE52E2-C2DF-47F3-8C3C-E8FA043C27C0}.Release|Any CPU.Build.0 = Release|Any CPU
		{D0140D4C-60B0-45D8-BE0C-BF66CA4DF76D}.Debug|Any CPU.ActiveCfg = Debug|Any CPU
		{D0140D4C-60B0-45D8-BE0C-BF66CA4DF76D}.Debug|Any CPU.Build.0 = Debug|Any CPU
		{D0140D4C-60B0-45D8-BE0C-BF66CA4DF76D}.Release|Any CPU.ActiveCfg = Release|Any CPU
		{D0140D4C-60B0-45D8-BE0C-BF66CA4DF76D}.Release|Any CPU.Build.0 = Release|Any CPU
		{F5E535A2-D565-4087-8DD7-1D9B000CDFD0}.Debug|Any CPU.ActiveCfg = Debug|Any CPU
		{F5E535A2-D565-4087-8DD7-1D9B000CDFD0}.Debug|Any CPU.Build.0 = Debug|Any CPU
		{F5E535A2-D565-4087-8DD7-1D9B000CDFD0}.Release|Any CPU.ActiveCfg = Release|Any CPU
		{F5E535A2-D565-4087-8DD7-1D9B000CDFD0}.Release|Any CPU.Build.0 = Release|Any CPU
		{FF44B24E-F1A0-4299-A64F-42895B9B8C8F}.Debug|Any CPU.ActiveCfg = Debug|Any CPU
		{FF44B24E-F1A0-4299-A64F-42895B9B8C8F}.Debug|Any CPU.Build.0 = Debug|Any CPU
		{FF44B24E-F1A0-4299-A64F-42895B9B8C8F}.Release|Any CPU.ActiveCfg = Release|Any CPU
		{FF44B24E-F1A0-4299-A64F-42895B9B8C8F}.Release|Any CPU.Build.0 = Release|Any CPU
	EndGlobalSection
	GlobalSection(SolutionProperties) = preSolution
		HideSolutionNode = FALSE
	EndGlobalSection
	GlobalSection(NestedProjects) = preSolution
		{B274C516-4083-4F33-8530-757620B0F9BB} = {109E47E9-FCE1-4DF7-BF8C-1ECF26809831}
		{62B5651C-0B2A-4305-A484-B52766B7D49C} = {97F0B41C-FDB3-4821-B66A-B6E80A259B3B}
		{4CD24C50-66FA-4E7E-AF8C-3D5A60AA047A} = {97F0B41C-FDB3-4821-B66A-B6E80A259B3B}
		{705AA6F1-5E01-4B79-922B-BC96B2BEDBB1} = {4CD24C50-66FA-4E7E-AF8C-3D5A60AA047A}
		{A1DE52E2-C2DF-47F3-8C3C-E8FA043C27C0} = {09E0491A-B2BF-4C6D-A849-EC5906A4CE31}
		{D0140D4C-60B0-45D8-BE0C-BF66CA4DF76D} = {62B5651C-0B2A-4305-A484-B52766B7D49C}
		{F5E535A2-D565-4087-8DD7-1D9B000CDFD0} = {33FEA76B-6B11-4E8A-B771-987B6B209139}
		{BCE324D6-6E2E-4739-8D01-9B75A8D31124} = {62B8296D-53B4-43A6-B33E-AD8C1C180ACE}
		{125779B8-361E-47EA-B581-CAAD48E98FCE} = {BCE324D6-6E2E-4739-8D01-9B75A8D31124}
		{FF44B24E-F1A0-4299-A64F-42895B9B8C8F} = {BCE324D6-6E2E-4739-8D01-9B75A8D31124}
	EndGlobalSection
	GlobalSection(ExtensibilityGlobals) = postSolution
		SolutionGuid = {F49EC3B1-0A30-4566-BCDF-10DB6E11001F}
	EndGlobalSection
EndGlobal
